// !$*UTF8*$!
{
	archiveVersion = 1;
	classes = {
	};
	objectVersion = 50;
	objects = {

/* Begin PBXBuildFile section */
		223D9AF322FA78F200ECF535 /* AppDelegate.swift in Sources */ = {isa = PBXBuildFile; fileRef = 223D9AF222FA78F200ECF535 /* AppDelegate.swift */; };
		223D9AF522FA78F200ECF535 /* ResultViewController.swift in Sources */ = {isa = PBXBuildFile; fileRef = 223D9AF422FA78F200ECF535 /* ResultViewController.swift */; };
		223D9AF822FA78F200ECF535 /* Main.storyboard in Resources */ = {isa = PBXBuildFile; fileRef = 223D9AF622FA78F200ECF535 /* Main.storyboard */; };
		223D9AFA22FA78F400ECF535 /* Assets.xcassets in Resources */ = {isa = PBXBuildFile; fileRef = 223D9AF922FA78F400ECF535 /* Assets.xcassets */; };
		223D9AFD22FA78F400ECF535 /* LaunchScreen.storyboard in Resources */ = {isa = PBXBuildFile; fileRef = 223D9AFB22FA78F400ECF535 /* LaunchScreen.storyboard */; };
		223D9B0522FA7D5600ECF535 /* Result.swift in Sources */ = {isa = PBXBuildFile; fileRef = 223D9B0422FA7D5600ECF535 /* Result.swift */; };
		223D9B0722FA7DF200ECF535 /* Cell.xib in Resources */ = {isa = PBXBuildFile; fileRef = 223D9B0622FA7DF200ECF535 /* Cell.xib */; };
		223D9B0922FA835A00ECF535 /* Cell.swift in Sources */ = {isa = PBXBuildFile; fileRef = 223D9B0822FA835A00ECF535 /* Cell.swift */; };
		223D9B0B22FA97AC00ECF535 /* CustomImageView.swift in Sources */ = {isa = PBXBuildFile; fileRef = 223D9B0A22FA97AC00ECF535 /* CustomImageView.swift */; };
		223D9B0D22FA9DA000ECF535 /* RequestViewController.swift in Sources */ = {isa = PBXBuildFile; fileRef = 223D9B0C22FA9DA000ECF535 /* RequestViewController.swift */; };
		56407CC3AD2DD48CB382BD53 /* Pods_Demo.framework in Frameworks */ = {isa = PBXBuildFile; fileRef = C4E0A8F6AA686F648AEF23AB /* Pods_Demo.framework */; };
/* End PBXBuildFile section */

/* Begin PBXFileReference section */
		1A91BB61033EC0C53C2A3C61 /* Pods-Demo.release.xcconfig */ = {isa = PBXFileReference; includeInIndex = 1; lastKnownFileType = text.xcconfig; name = "Pods-Demo.release.xcconfig"; path = "Target Support Files/Pods-Demo/Pods-Demo.release.xcconfig"; sourceTree = "<group>"; };
		223D9AEF22FA78F200ECF535 /* Demo.app */ = {isa = PBXFileReference; explicitFileType = wrapper.application; includeInIndex = 0; path = Demo.app; sourceTree = BUILT_PRODUCTS_DIR; };
		223D9AF222FA78F200ECF535 /* AppDelegate.swift */ = {isa = PBXFileReference; lastKnownFileType = sourcecode.swift; path = AppDelegate.swift; sourceTree = "<group>"; };
		223D9AF422FA78F200ECF535 /* ResultViewController.swift */ = {isa = PBXFileReference; lastKnownFileType = sourcecode.swift; path = ResultViewController.swift; sourceTree = "<group>"; };
		223D9AF722FA78F200ECF535 /* Base */ = {isa = PBXFileReference; lastKnownFileType = file.storyboard; name = Base; path = Base.lproj/Main.storyboard; sourceTree = "<group>"; };
		223D9AF922FA78F400ECF535 /* Assets.xcassets */ = {isa = PBXFileReference; lastKnownFileType = folder.assetcatalog; path = Assets.xcassets; sourceTree = "<group>"; };
		223D9AFC22FA78F400ECF535 /* Base */ = {isa = PBXFileReference; lastKnownFileType = file.storyboard; name = Base; path = Base.lproj/LaunchScreen.storyboard; sourceTree = "<group>"; };
		223D9AFE22FA78F400ECF535 /* Info.plist */ = {isa = PBXFileReference; lastKnownFileType = text.plist.xml; path = Info.plist; sourceTree = "<group>"; };
		223D9B0422FA7D5600ECF535 /* Result.swift */ = {isa = PBXFileReference; lastKnownFileType = sourcecode.swift; path = Result.swift; sourceTree = "<group>"; };
		223D9B0622FA7DF200ECF535 /* Cell.xib */ = {isa = PBXFileReference; lastKnownFileType = file.xib; path = Cell.xib; sourceTree = "<group>"; };
		223D9B0822FA835A00ECF535 /* Cell.swift */ = {isa = PBXFileReference; lastKnownFileType = sourcecode.swift; path = Cell.swift; sourceTree = "<group>"; };
		223D9B0A22FA97AC00ECF535 /* CustomImageView.swift */ = {isa = PBXFileReference; lastKnownFileType = sourcecode.swift; path = CustomImageView.swift; sourceTree = "<group>"; };
		223D9B0C22FA9DA000ECF535 /* RequestViewController.swift */ = {isa = PBXFileReference; lastKnownFileType = sourcecode.swift; path = RequestViewController.swift; sourceTree = "<group>"; };
		71C128372DF578C3F24E5286 /* Pods-Demo.debug.xcconfig */ = {isa = PBXFileReference; includeInIndex = 1; lastKnownFileType = text.xcconfig; name = "Pods-Demo.debug.xcconfig"; path = "Target Support Files/Pods-Demo/Pods-Demo.debug.xcconfig"; sourceTree = "<group>"; };
		C4E0A8F6AA686F648AEF23AB /* Pods_Demo.framework */ = {isa = PBXFileReference; explicitFileType = wrapper.framework; includeInIndex = 0; path = Pods_Demo.framework; sourceTree = BUILT_PRODUCTS_DIR; };
/* End PBXFileReference section */

/* Begin PBXFrameworksBuildPhase section */
		223D9AEC22FA78F200ECF535 /* Frameworks */ = {
			isa = PBXFrameworksBuildPhase;
			buildActionMask = 2147483647;
			files = (
				56407CC3AD2DD48CB382BD53 /* Pods_Demo.framework in Frameworks */,
			);
			runOnlyForDeploymentPostprocessing = 0;
		};
/* End PBXFrameworksBuildPhase section */

/* Begin PBXGroup section */
		223D9AE622FA78F200ECF535 = {
			isa = PBXGroup;
			children = (
				223D9AF122FA78F200ECF535 /* Demo */,
				223D9AF022FA78F200ECF535 /* Products */,
				B2A11C357C03E7173BC64C61 /* Pods */,
				43D9D9F906266F468C26EAFE /* Frameworks */,
			);
			sourceTree = "<group>";
		};
		223D9AF022FA78F200ECF535 /* Products */ = {
			isa = PBXGroup;
			children = (
				223D9AEF22FA78F200ECF535 /* Demo.app */,
			);
			name = Products;
			sourceTree = "<group>";
		};
		223D9AF122FA78F200ECF535 /* Demo */ = {
			isa = PBXGroup;
			children = (
				223D9AF222FA78F200ECF535 /* AppDelegate.swift */,
				223D9B0C22FA9DA000ECF535 /* RequestViewController.swift */,
				223D9AF422FA78F200ECF535 /* ResultViewController.swift */,
				223D9AF622FA78F200ECF535 /* Main.storyboard */,
				223D9AF922FA78F400ECF535 /* Assets.xcassets */,
				223D9AFB22FA78F400ECF535 /* LaunchScreen.storyboard */,
				223D9AFE22FA78F400ECF535 /* Info.plist */,
				223D9B0422FA7D5600ECF535 /* Result.swift */,
				223D9B0622FA7DF200ECF535 /* Cell.xib */,
				223D9B0822FA835A00ECF535 /* Cell.swift */,
				223D9B0A22FA97AC00ECF535 /* CustomImageView.swift */,
			);
			path = Demo;
			sourceTree = "<group>";
		};
		43D9D9F906266F468C26EAFE /* Frameworks */ = {
			isa = PBXGroup;
			children = (
				C4E0A8F6AA686F648AEF23AB /* Pods_Demo.framework */,
			);
			name = Frameworks;
			sourceTree = "<group>";
		};
		B2A11C357C03E7173BC64C61 /* Pods */ = {
			isa = PBXGroup;
			children = (
				71C128372DF578C3F24E5286 /* Pods-Demo.debug.xcconfig */,
				1A91BB61033EC0C53C2A3C61 /* Pods-Demo.release.xcconfig */,
			);
			path = Pods;
			sourceTree = "<group>";
		};
/* End PBXGroup section */

/* Begin PBXNativeTarget section */
		223D9AEE22FA78F200ECF535 /* Demo */ = {
			isa = PBXNativeTarget;
			buildConfigurationList = 223D9B0122FA78F400ECF535 /* Build configuration list for PBXNativeTarget "Demo" */;
			buildPhases = (
				00DE34A2CBCF07FEA2EE8270 /* [CP] Check Pods Manifest.lock */,
				223D9AEB22FA78F200ECF535 /* Sources */,
				223D9AEC22FA78F200ECF535 /* Frameworks */,
				223D9AED22FA78F200ECF535 /* Resources */,
				7C6208D037D770DB6C269160 /* [CP] Embed Pods Frameworks */,
			);
			buildRules = (
			);
			dependencies = (
			);
			name = Demo;
			productName = Demo;
			productReference = 223D9AEF22FA78F200ECF535 /* Demo.app */;
			productType = "com.apple.product-type.application";
		};
/* End PBXNativeTarget section */

/* Begin PBXProject section */
		223D9AE722FA78F200ECF535 /* Project object */ = {
			isa = PBXProject;
			attributes = {
				LastSwiftUpdateCheck = 1030;
				LastUpgradeCheck = 1030;
				ORGANIZATIONNAME = Winston;
				TargetAttributes = {
					223D9AEE22FA78F200ECF535 = {
						CreatedOnToolsVersion = 10.3;
					};
				};
			};
			buildConfigurationList = 223D9AEA22FA78F200ECF535 /* Build configuration list for PBXProject "Demo" */;
			compatibilityVersion = "Xcode 9.3";
			developmentRegion = en;
			hasScannedForEncodings = 0;
			knownRegions = (
				en,
				Base,
			);
			mainGroup = 223D9AE622FA78F200ECF535;
			productRefGroup = 223D9AF022FA78F200ECF535 /* Products */;
			projectDirPath = "";
			projectRoot = "";
			targets = (
				223D9AEE22FA78F200ECF535 /* Demo */,
			);
		};
/* End PBXProject section */

/* Begin PBXResourcesBuildPhase section */
		223D9AED22FA78F200ECF535 /* Resources */ = {
			isa = PBXResourcesBuildPhase;
			buildActionMask = 2147483647;
			files = (
				223D9AFD22FA78F400ECF535 /* LaunchScreen.storyboard in Resources */,
				223D9B0722FA7DF200ECF535 /* Cell.xib in Resources */,
				223D9AFA22FA78F400ECF535 /* Assets.xcassets in Resources */,
				223D9AF822FA78F200ECF535 /* Main.storyboard in Resources */,
			);
			runOnlyForDeploymentPostprocessing = 0;
		};
/* End PBXResourcesBuildPhase section */

/* Begin PBXShellScriptBuildPhase section */
		00DE34A2CBCF07FEA2EE8270 /* [CP] Check Pods Manifest.lock */ = {
			isa = PBXShellScriptBuildPhase;
			buildActionMask = 2147483647;
			files = (
			);
			inputFileListPaths = (
			);
			inputPaths = (
				"${PODS_PODFILE_DIR_PATH}/Podfile.lock",
				"${PODS_ROOT}/Manifest.lock",
			);
			name = "[CP] Check Pods Manifest.lock";
			outputFileListPaths = (
			);
			outputPaths = (
				"$(DERIVED_FILE_DIR)/Pods-Demo-checkManifestLockResult.txt",
			);
			runOnlyForDeploymentPostprocessing = 0;
			shellPath = /bin/sh;
			shellScript = "diff \"${PODS_PODFILE_DIR_PATH}/Podfile.lock\" \"${PODS_ROOT}/Manifest.lock\" > /dev/null\nif [ $? != 0 ] ; then\n    # print error to STDERR\n    echo \"error: The sandbox is not in sync with the Podfile.lock. Run 'pod install' or update your CocoaPods installation.\" >&2\n    exit 1\nfi\n# This output is used by Xcode 'outputs' to avoid re-running this script phase.\necho \"SUCCESS\" > \"${SCRIPT_OUTPUT_FILE_0}\"\n";
			showEnvVarsInLog = 0;
		};
		7C6208D037D770DB6C269160 /* [CP] Embed Pods Frameworks */ = {
			isa = PBXShellScriptBuildPhase;
			buildActionMask = 2147483647;
			files = (
			);
			inputFileListPaths = (
			);
			inputPaths = (
				"${PODS_ROOT}/Target Support Files/Pods-Demo/Pods-Demo-frameworks.sh",
				"${BUILT_PRODUCTS_DIR}/Alamofire/Alamofire.framework",
			);
			name = "[CP] Embed Pods Frameworks";
			outputFileListPaths = (
			);
			outputPaths = (
				"${TARGET_BUILD_DIR}/${FRAMEWORKS_FOLDER_PATH}/Alamofire.framework",
			);
			runOnlyForDeploymentPostprocessing = 0;
			shellPath = /bin/sh;
			shellScript = "\"${PODS_ROOT}/Target Support Files/Pods-Demo/Pods-Demo-frameworks.sh\"\n";
			showEnvVarsInLog = 0;
		};
/* End PBXShellScriptBuildPhase section */

/* Begin PBXSourcesBuildPhase section */
		223D9AEB22FA78F200ECF535 /* Sources */ = {
			isa = PBXSourcesBuildPhase;
			buildActionMask = 2147483647;
			files = (
				223D9B0522FA7D5600ECF535 /* Result.swift in Sources */,
				223D9B0922FA835A00ECF535 /* Cell.swift in Sources */,
				223D9B0D22FA9DA000ECF535 /* RequestViewController.swift in Sources */,
				223D9AF522FA78F200ECF535 /* ResultViewController.swift in Sources */,
				223D9AF322FA78F200ECF535 /* AppDelegate.swift in Sources */,
				223D9B0B22FA97AC00ECF535 /* CustomImageView.swift in Sources */,
			);
			runOnlyForDeploymentPostprocessing = 0;
		};
/* End PBXSourcesBuildPhase section */

/* Begin PBXVariantGroup section */
		223D9AF622FA78F200ECF535 /* Main.storyboard */ = {
			isa = PBXVariantGroup;
			children = (
				223D9AF722FA78F200ECF535 /* Base */,
			);
			name = Main.storyboard;
			sourceTree = "<group>";
		};
		223D9AFB22FA78F400ECF535 /* LaunchScreen.storyboard */ = {
			isa = PBXVariantGroup;
			children = (
				223D9AFC22FA78F400ECF535 /* Base */,
			);
			name = LaunchScreen.storyboard;
			sourceTree = "<group>";
		};
/* End PBXVariantGroup section */

/* Begin XCBuildConfiguration section */
		223D9AFF22FA78F400ECF535 /* Debug */ = {
			isa = XCBuildConfiguration;
			buildSettings = {
				ALWAYS_SEARCH_USER_PATHS = NO;
				CLANG_ANALYZER_NONNULL = YES;
				CLANG_ANALYZER_NUMBER_OBJECT_CONVERSION = YES_AGGRESSIVE;
				CLANG_CXX_LANGUAGE_STANDARD = "gnu++14";
				CLANG_CXX_LIBRARY = "libc++";
				CLANG_ENABLE_MODULES = YES;
				CLANG_ENABLE_OBJC_ARC = YES;
				CLANG_ENABLE_OBJC_WEAK = YES;
				CLANG_WARN_BLOCK_CAPTURE_AUTORELEASING = YES;
				CLANG_WARN_BOOL_CONVERSION = YES;
				CLANG_WARN_COMMA = YES;
				CLANG_WARN_CONSTANT_CONVERSION = YES;
				CLANG_WARN_DEPRECATED_OBJC_IMPLEMENTATIONS = YES;
				CLANG_WARN_DIRECT_OBJC_ISA_USAGE = YES_ERROR;
				CLANG_WARN_DOCUMENTATION_COMMENTS = YES;
				CLANG_WARN_EMPTY_BODY = YES;
				CLANG_WARN_ENUM_CONVERSION = YES;
				CLANG_WARN_INFINITE_RECURSION = YES;
				CLANG_WARN_INT_CONVERSION = YES;
				CLANG_WARN_NON_LITERAL_NULL_CONVERSION = YES;
				CLANG_WARN_OBJC_IMPLICIT_RETAIN_SELF = YES;
				CLANG_WARN_OBJC_LITERAL_CONVERSION = YES;
				CLANG_WARN_OBJC_ROOT_CLASS = YES_ERROR;
				CLANG_WARN_RANGE_LOOP_ANALYSIS = YES;
				CLANG_WARN_STRICT_PROTOTYPES = YES;
				CLANG_WARN_SUSPICIOUS_MOVE = YES;
				CLANG_WARN_UNGUARDED_AVAILABILITY = YES_AGGRESSIVE;
				CLANG_WARN_UNREACHABLE_CODE = YES;
				CLANG_WARN__DUPLICATE_METHOD_MATCH = YES;
				CODE_SIGN_IDENTITY = "iPhone Developer";
				COPY_PHASE_STRIP = NO;
				DEBUG_INFORMATION_FORMAT = dwarf;
				ENABLE_STRICT_OBJC_MSGSEND = YES;
				ENABLE_TESTABILITY = YES;
				GCC_C_LANGUAGE_STANDARD = gnu11;
				GCC_DYNAMIC_NO_PIC = NO;
				GCC_NO_COMMON_BLOCKS = YES;
				GCC_OPTIMIZATION_LEVEL = 0;
				GCC_PREPROCESSOR_DEFINITIONS = (
					"DEBUG=1",
					"$(inherited)",
				);
				GCC_WARN_64_TO_32_BIT_CONVERSION = YES;
				GCC_WARN_ABOUT_RETURN_TYPE = YES_ERROR;
				GCC_WARN_UNDECLARED_SELECTOR = YES;
				GCC_WARN_UNINITIALIZED_AUTOS = YES_AGGRESSIVE;
				GCC_WARN_UNUSED_FUNCTION = YES;
				GCC_WARN_UNUSED_VARIABLE = YES;
				IPHONEOS_DEPLOYMENT_TARGET = 12.4;
				MTL_ENABLE_DEBUG_INFO = INCLUDE_SOURCE;
				MTL_FAST_MATH = YES;
				ONLY_ACTIVE_ARCH = YES;
				SDKROOT = iphoneos;
				SWIFT_ACTIVE_COMPILATION_CONDITIONS = DEBUG;
				SWIFT_OPTIMIZATION_LEVEL = "-Onone";
			};
			name = Debug;
		};
		223D9B0022FA78F400ECF535 /* Release */ = {
			isa = XCBuildConfiguration;
			buildSettings = {
				ALWAYS_SEARCH_USER_PATHS = NO;
				CLANG_ANALYZER_NONNULL = YES;
				CLANG_ANALYZER_NUMBER_OBJECT_CONVERSION = YES_AGGRESSIVE;
				CLANG_CXX_LANGUAGE_STANDARD = "gnu++14";
				CLANG_CXX_LIBRARY = "libc++";
				CLANG_ENABLE_MODULES = YES;
				CLANG_ENABLE_OBJC_ARC = YES;
				CLANG_ENABLE_OBJC_WEAK = YES;
				CLANG_WARN_BLOCK_CAPTURE_AUTORELEASING = YES;
				CLANG_WARN_BOOL_CONVERSION = YES;
				CLANG_WARN_COMMA = YES;
				CLANG_WARN_CONSTANT_CONVERSION = YES;
				CLANG_WARN_DEPRECATED_OBJC_IMPLEMENTATIONS = YES;
				CLANG_WARN_DIRECT_OBJC_ISA_USAGE = YES_ERROR;
				CLANG_WARN_DOCUMENTATION_COMMENTS = YES;
				CLANG_WARN_EMPTY_BODY = YES;
				CLANG_WARN_ENUM_CONVERSION = YES;
				CLANG_WARN_INFINITE_RECURSION = YES;
				CLANG_WARN_INT_CONVERSION = YES;
				CLANG_WARN_NON_LITERAL_NULL_CONVERSION = YES;
				CLANG_WARN_OBJC_IMPLICIT_RETAIN_SELF = YES;
				CLANG_WARN_OBJC_LITERAL_CONVERSION = YES;
				CLANG_WARN_OBJC_ROOT_CLASS = YES_ERROR;
				CLANG_WARN_RANGE_LOOP_ANALYSIS = YES;
				CLANG_WARN_STRICT_PROTOTYPES = YES;
				CLANG_WARN_SUSPICIOUS_MOVE = YES;
				CLANG_WARN_UNGUARDED_AVAILABILITY = YES_AGGRESSIVE;
				CLANG_WARN_UNREACHABLE_CODE = YES;
				CLANG_WARN__DUPLICATE_METHOD_MATCH = YES;
				CODE_SIGN_IDENTITY = "iPhone Developer";
				COPY_PHASE_STRIP = NO;
				DEBUG_INFORMATION_FORMAT = "dwarf-with-dsym";
				ENABLE_NS_ASSERTIONS = NO;
				ENABLE_STRICT_OBJC_MSGSEND = YES;
				GCC_C_LANGUAGE_STANDARD = gnu11;
				GCC_NO_COMMON_BLOCKS = YES;
				GCC_WARN_64_TO_32_BIT_CONVERSION = YES;
				GCC_WARN_ABOUT_RETURN_TYPE = YES_ERROR;
				GCC_WARN_UNDECLARED_SELECTOR = YES;
				GCC_WARN_UNINITIALIZED_AUTOS = YES_AGGRESSIVE;
				GCC_WARN_UNUSED_FUNCTION = YES;
				GCC_WARN_UNUSED_VARIABLE = YES;
				IPHONEOS_DEPLOYMENT_TARGET = 12.4;
				MTL_ENABLE_DEBUG_INFO = NO;
				MTL_FAST_MATH = YES;
				SDKROOT = iphoneos;
				SWIFT_COMPILATION_MODE = wholemodule;
				SWIFT_OPTIMIZATION_LEVEL = "-O";
				VALIDATE_PRODUCT = YES;
			};
			name = Release;
		};
		223D9B0222FA78F400ECF535 /* Debug */ = {
			isa = XCBuildConfiguration;
			baseConfigurationReference = 71C128372DF578C3F24E5286 /* Pods-Demo.debug.xcconfig */;
			buildSettings = {
				ASSETCATALOG_COMPILER_APPICON_NAME = AppIcon;
				CODE_SIGN_STYLE = Automatic;
				DEVELOPMENT_TEAM = AFEY2F4Y7D;
				INFOPLIST_FILE = Demo/Info.plist;
				LD_RUNPATH_SEARCH_PATHS = (
					"$(inherited)",
					"@executable_path/Frameworks",
				);
				PRODUCT_BUNDLE_IDENTIFIER = com.ios.Demo;
				PRODUCT_NAME = "$(TARGET_NAME)";
				SWIFT_VERSION = 5.0;
				TARGETED_DEVICE_FAMILY = "1,2";
			};
			name = Debug;
		};
		223D9B0322FA78F400ECF535 /* Release */ = {
			isa = XCBuildConfiguration;
			baseConfigurationReference = 1A91BB61033EC0C53C2A3C61 /* Pods-Demo.release.xcconfig */;
			buildSettings = {
				ASSETCATALOG_COMPILER_APPICON_NAME = AppIcon;
				CODE_SIGN_STYLE = Automatic;
				DEVELOPMENT_TEAM = AFEY2F4Y7D;
				INFOPLIST_FILE = Demo/Info.plist;
				LD_RUNPATH_SEARCH_PATHS = (
					"$(inherited)",
					"@executable_path/Frameworks",
				);
				PRODUCT_BUNDLE_IDENTIFIER = com.ios.Demo;
				PRODUCT_NAME = "$(TARGET_NAME)";
				SWIFT_VERSION = 5.0;
				TARGETED_DEVICE_FAMILY = "1,2";
			};
			name = Release;
		};
/* End XCBuildConfiguration section */

/* Begin XCConfigurationList section */
		223D9AEA22FA78F200ECF535 /* Build configuration list for PBXProject "Demo" */ = {
			isa = XCConfigurationList;
			buildConfigurations = (
				223D9AFF22FA78F400ECF535 /* Debug */,
				223D9B0022FA78F400ECF535 /* Release */,
			);
			defaultConfigurationIsVisible = 0;
			defaultConfigurationName = Release;
		};
		223D9B0122FA78F400ECF535 /* Build configuration list for PBXNativeTarget "Demo" */ = {
			isa = XCConfigurationList;
			buildConfigurations = (
				223D9B0222FA78F400ECF535 /* Debug */,
				223D9B0322FA78F400ECF535 /* Release */,
			);
			defaultConfigurationIsVisible = 0;
			defaultConfigurationName = Release;
		};
/* End XCConfigurationList section */
	};
	rootObject = 223D9AE722FA78F200ECF535 /* Project object */;
}
